
Microsoft Visual Studio Solution File, Format Version 12.00
# Visual Studio Version 17
VisualStudioVersion = 17.14.36310.24 d17.14
MinimumVisualStudioVersion = 10.0.40219.1
Project("{FAE04EC0-301F-11D3-BF4B-00C04F79EFBC}") = "nota de aluno]", "nota de aluno].csproj", "{3A284118-BAFE-44CF-A3B2-281942B803D0}"
EndProject
Global
	GlobalSection(SolutionConfigurationPlatforms) = preSolution
		Debug|Any CPU = Debug|Any CPU
		Release|Any CPU = Release|Any CPU
	EndGlobalSection
	GlobalSection(ProjectConfigurationPlatforms) = postSolution
		{3A284118-BAFE-44CF-A3B2-281942B803D0}.Debug|Any CPU.ActiveCfg = Debug|Any CPU
		{3A284118-BAFE-44CF-A3B2-281942B803D0}.Debug|Any CPU.Build.0 = Debug|Any CPU
		{3A284118-BAFE-44CF-A3B2-281942B803D0}.Release|Any CPU.ActiveCfg = Release|Any CPU
		{3A284118-BAFE-44CF-A3B2-281942B803D0}.Release|Any CPU.Build.0 = Release|Any CPU
	EndGlobalSection
	GlobalSection(SolutionProperties) = preSolution
		HideSolutionNode = FALSE
	EndGlobalSection
	GlobalSection(ExtensibilityGlobals) = postSolution
		SolutionGuid = {82C73DC5-A8D6-4D10-8FA5-747228F98361}
	EndGlobalSection
EndGlobal
